
Microsoft Visual Studio Solution File, Format Version 12.00
# Visual Studio Version 16
VisualStudioVersion = 16.0.29613.14
MinimumVisualStudioVersion = 10.0.40219.1
Project("{FAE04EC0-301F-11D3-BF4B-00C04F79EFBC}") = "Blind_Dating", "Blind_Dating\Blind_Dating.csproj", "{D3583985-BF9C-4B01-B9CE-1C9CD1ABC8AF}"
EndProject
Global
	GlobalSection(SolutionConfigurationPlatforms) = preSolution
		Debug|Any CPU = Debug|Any CPU
		Release|Any CPU = Release|Any CPU
	EndGlobalSection
	GlobalSection(ProjectConfigurationPlatforms) = postSolution
		{D3583985-BF9C-4B01-B9CE-1C9CD1ABC8AF}.Debug|Any CPU.ActiveCfg = Debug|Any CPU
		{D3583985-BF9C-4B01-B9CE-1C9CD1ABC8AF}.Debug|Any CPU.Build.0 = Debug|Any CPU
		{D3583985-BF9C-4B01-B9CE-1C9CD1ABC8AF}.Release|Any CPU.ActiveCfg = Release|Any CPU
		{D3583985-BF9C-4B01-B9CE-1C9CD1ABC8AF}.Release|Any CPU.Build.0 = Release|Any CPU
	EndGlobalSection
	GlobalSection(SolutionProperties) = preSolution
		HideSolutionNode = FALSE
	EndGlobalSection
	GlobalSection(ExtensibilityGlobals) = postSolution
		SolutionGuid = {65116CE2-AC08-4EAC-9EB8-59EAB4282E17}
	EndGlobalSection
EndGlobal
